
Microsoft Visual Studio Solution File, Format Version 12.00
# Visual Studio Version 16
VisualStudioVersion = 16.0.28803.156
MinimumVisualStudioVersion = 10.0.40219.1
Project("{FAE04EC0-301F-11D3-BF4B-00C04F79EFBC}") = "Elaine", "Elaine\Elaine.csproj", "{939B9DAF-D027-4C01-A128-EAA9F18D2A38}"
EndProject
Global
	GlobalSection(SolutionConfigurationPlatforms) = preSolution
		Debug|Any CPU = Debug|Any CPU
		Release|Any CPU = Release|Any CPU
	EndGlobalSection
	GlobalSection(ProjectConfigurationPlatforms) = postSolution
		{939B9DAF-D027-4C01-A128-EAA9F18D2A38}.Debug|Any CPU.ActiveCfg = Debug|Any CPU
		{939B9DAF-D027-4C01-A128-EAA9F18D2A38}.Debug|Any CPU.Build.0 = Debug|Any CPU
		{939B9DAF-D027-4C01-A128-EAA9F18D2A38}.Release|Any CPU.ActiveCfg = Release|Any CPU
		{939B9DAF-D027-4C01-A128-EAA9F18D2A38}.Release|Any CPU.Build.0 = Release|Any CPU
	EndGlobalSection
	GlobalSection(SolutionProperties) = preSolution
		HideSolutionNode = FALSE
	EndGlobalSection
	GlobalSection(ExtensibilityGlobals) = postSolution
		SolutionGuid = {A9DB303F-15DB-4704-A9A8-499D08058C1D}
	EndGlobalSection
EndGlobal
